// !$*UTF8*$!
{
	archiveVersion = 1;
	classes = {
	};
	objectVersion = 55;
	objects = {

/* Begin PBXBuildFile section */
		A60CDED52724595300786901 /* AmbulanceAppApp.swift in Sources */ = {isa = PBXBuildFile; fileRef = A60CDED42724595300786901 /* AmbulanceAppApp.swift */; };
		A60CDED72724595300786901 /* ContentView.swift in Sources */ = {isa = PBXBuildFile; fileRef = A60CDED62724595300786901 /* ContentView.swift */; };
		A60CDED92724595400786901 /* Assets.xcassets in Resources */ = {isa = PBXBuildFile; fileRef = A60CDED82724595400786901 /* Assets.xcassets */; };
		A60CDEDC2724595400786901 /* Preview Assets.xcassets in Resources */ = {isa = PBXBuildFile; fileRef = A60CDEDB2724595400786901 /* Preview Assets.xcassets */; };
		A60CDEE62724595500786901 /* AmbulanceAppTests.swift in Sources */ = {isa = PBXBuildFile; fileRef = A60CDEE52724595500786901 /* AmbulanceAppTests.swift */; };
		A60CDEF02724595500786901 /* AmbulanceAppUITests.swift in Sources */ = {isa = PBXBuildFile; fileRef = A60CDEEF2724595500786901 /* AmbulanceAppUITests.swift */; };
		A60CDEF22724595500786901 /* AmbulanceAppUITestsLaunchTests.swift in Sources */ = {isa = PBXBuildFile; fileRef = A60CDEF12724595500786901 /* AmbulanceAppUITestsLaunchTests.swift */; };
		A60CDF3C272472E600786901 /* LocationManager.swift in Sources */ = {isa = PBXBuildFile; fileRef = A60CDF3B272472E600786901 /* LocationManager.swift */; };
		A60CDF3F27247B1D00786901 /* MKCoordinateRegion + Extensions.swift in Sources */ = {isa = PBXBuildFile; fileRef = A60CDF3E27247B1D00786901 /* MKCoordinateRegion + Extensions.swift */; };
/* End PBXBuildFile section */

/* Begin PBXContainerItemProxy section */
		A60CDEE22724595500786901 /* PBXContainerItemProxy */ = {
			isa = PBXContainerItemProxy;
			containerPortal = A60CDEC92724595300786901 /* Project object */;
			proxyType = 1;
			remoteGlobalIDString = A60CDED02724595300786901;
			remoteInfo = AmbulanceApp;
		};
		A60CDEEC2724595500786901 /* PBXContainerItemProxy */ = {
			isa = PBXContainerItemProxy;
			containerPortal = A60CDEC92724595300786901 /* Project object */;
			proxyType = 1;
			remoteGlobalIDString = A60CDED02724595300786901;
			remoteInfo = AmbulanceApp;
		};
/* End PBXContainerItemProxy section */

/* Begin PBXFileReference section */
		A60CDED12724595300786901 /* AmbulanceApp.app */ = {isa = PBXFileReference; explicitFileType = wrapper.application; includeInIndex = 0; path = AmbulanceApp.app; sourceTree = BUILT_PRODUCTS_DIR; };
		A60CDED42724595300786901 /* AmbulanceAppApp.swift */ = {isa = PBXFileReference; lastKnownFileType = sourcecode.swift; path = AmbulanceAppApp.swift; sourceTree = "<group>"; };
		A60CDED62724595300786901 /* ContentView.swift */ = {isa = PBXFileReference; lastKnownFileType = sourcecode.swift; path = ContentView.swift; sourceTree = "<group>"; };
		A60CDED82724595400786901 /* Assets.xcassets */ = {isa = PBXFileReference; lastKnownFileType = folder.assetcatalog; path = Assets.xcassets; sourceTree = "<group>"; };
		A60CDEDB2724595400786901 /* Preview Assets.xcassets */ = {isa = PBXFileReference; lastKnownFileType = folder.assetcatalog; path = "Preview Assets.xcassets"; sourceTree = "<group>"; };
		A60CDEE12724595500786901 /* AmbulanceAppTests.xctest */ = {isa = PBXFileReference; explicitFileType = wrapper.cfbundle; includeInIndex = 0; path = AmbulanceAppTests.xctest; sourceTree = BUILT_PRODUCTS_DIR; };
		A60CDEE52724595500786901 /* AmbulanceAppTests.swift */ = {isa = PBXFileReference; lastKnownFileType = sourcecode.swift; path = AmbulanceAppTests.swift; sourceTree = "<group>"; };
		A60CDEEB2724595500786901 /* AmbulanceAppUITests.xctest */ = {isa = PBXFileReference; explicitFileType = wrapper.cfbundle; includeInIndex = 0; path = AmbulanceAppUITests.xctest; sourceTree = BUILT_PRODUCTS_DIR; };
		A60CDEEF2724595500786901 /* AmbulanceAppUITests.swift */ = {isa = PBXFileReference; lastKnownFileType = sourcecode.swift; path = AmbulanceAppUITests.swift; sourceTree = "<group>"; };
		A60CDEF12724595500786901 /* AmbulanceAppUITestsLaunchTests.swift */ = {isa = PBXFileReference; lastKnownFileType = sourcecode.swift; path = AmbulanceAppUITestsLaunchTests.swift; sourceTree = "<group>"; };
		A60CDF3B272472E600786901 /* LocationManager.swift */ = {isa = PBXFileReference; lastKnownFileType = sourcecode.swift; path = LocationManager.swift; sourceTree = "<group>"; };
		A60CDF3E27247B1D00786901 /* MKCoordinateRegion + Extensions.swift */ = {isa = PBXFileReference; lastKnownFileType = sourcecode.swift; path = "MKCoordinateRegion + Extensions.swift"; sourceTree = "<group>"; };
		A60CDF402724801C00786901 /* Info.plist */ = {isa = PBXFileReference; lastKnownFileType = text.plist; path = Info.plist; sourceTree = "<group>"; };
/* End PBXFileReference section */

/* Begin PBXFrameworksBuildPhase section */
		A60CDECE2724595300786901 /* Frameworks */ = {
			isa = PBXFrameworksBuildPhase;
			buildActionMask = 2147483647;
			files = (
			);
			runOnlyForDeploymentPostprocessing = 0;
		};
		A60CDEDE2724595500786901 /* Frameworks */ = {
			isa = PBXFrameworksBuildPhase;
			buildActionMask = 2147483647;
			files = (
			);
			runOnlyForDeploymentPostprocessing = 0;
		};
		A60CDEE82724595500786901 /* Frameworks */ = {
			isa = PBXFrameworksBuildPhase;
			buildActionMask = 2147483647;
			files = (
			);
			runOnlyForDeploymentPostprocessing = 0;
		};
/* End PBXFrameworksBuildPhase section */

/* Begin PBXGroup section */
		A60CDEC82724595300786901 = {
			isa = PBXGroup;
			children = (
				A60CDED32724595300786901 /* AmbulanceApp */,
				A60CDEE42724595500786901 /* AmbulanceAppTests */,
				A60CDEEE2724595500786901 /* AmbulanceAppUITests */,
				A60CDED22724595300786901 /* Products */,
			);
			sourceTree = "<group>";
		};
		A60CDED22724595300786901 /* Products */ = {
			isa = PBXGroup;
			children = (
				A60CDED12724595300786901 /* AmbulanceApp.app */,
				A60CDEE12724595500786901 /* AmbulanceAppTests.xctest */,
				A60CDEEB2724595500786901 /* AmbulanceAppUITests.xctest */,
			);
			name = Products;
			sourceTree = "<group>";
		};
		A60CDED32724595300786901 /* AmbulanceApp */ = {
			isa = PBXGroup;
			children = (
				A60CDF402724801C00786901 /* Info.plist */,
				A60CDF3D27247ACB00786901 /* Extensions */,
				A60CDF3A272472D000786901 /* LocationManager */,
				A60CDED42724595300786901 /* AmbulanceAppApp.swift */,
				A60CDED62724595300786901 /* ContentView.swift */,
				A60CDED82724595400786901 /* Assets.xcassets */,
				A60CDEDA2724595400786901 /* Preview Content */,
			);
			path = AmbulanceApp;
			sourceTree = "<group>";
		};
		A60CDEDA2724595400786901 /* Preview Content */ = {
			isa = PBXGroup;
			children = (
				A60CDEDB2724595400786901 /* Preview Assets.xcassets */,
			);
			path = "Preview Content";
			sourceTree = "<group>";
		};
		A60CDEE42724595500786901 /* AmbulanceAppTests */ = {
			isa = PBXGroup;
			children = (
				A60CDEE52724595500786901 /* AmbulanceAppTests.swift */,
			);
			path = AmbulanceAppTests;
			sourceTree = "<group>";
		};
		A60CDEEE2724595500786901 /* AmbulanceAppUITests */ = {
			isa = PBXGroup;
			children = (
				A60CDEEF2724595500786901 /* AmbulanceAppUITests.swift */,
				A60CDEF12724595500786901 /* AmbulanceAppUITestsLaunchTests.swift */,
			);
			path = AmbulanceAppUITests;
			sourceTree = "<group>";
		};
		A60CDF3A272472D000786901 /* LocationManager */ = {
			isa = PBXGroup;
			children = (
				A60CDF3B272472E600786901 /* LocationManager.swift */,
			);
			path = LocationManager;
			sourceTree = "<group>";
		};
		A60CDF3D27247ACB00786901 /* Extensions */ = {
			isa = PBXGroup;
			children = (
				A60CDF3E27247B1D00786901 /* MKCoordinateRegion + Extensions.swift */,
			);
			path = Extensions;
			sourceTree = "<group>";
		};
/* End PBXGroup section */

/* Begin PBXNativeTarget section */
		A60CDED02724595300786901 /* AmbulanceApp */ = {
			isa = PBXNativeTarget;
			buildConfigurationList = A60CDEF52724595500786901 /* Build configuration list for PBXNativeTarget "AmbulanceApp" */;
			buildPhases = (
				A60CDECD2724595300786901 /* Sources */,
				A60CDECE2724595300786901 /* Frameworks */,
				A60CDECF2724595300786901 /* Resources */,
			);
			buildRules = (
			);
			dependencies = (
			);
			name = AmbulanceApp;
			productName = AmbulanceApp;
			productReference = A60CDED12724595300786901 /* AmbulanceApp.app */;
			productType = "com.apple.product-type.application";
		};
		A60CDEE02724595500786901 /* AmbulanceAppTests */ = {
			isa = PBXNativeTarget;
			buildConfigurationList = A60CDEF82724595500786901 /* Build configuration list for PBXNativeTarget "AmbulanceAppTests" */;
			buildPhases = (
				A60CDEDD2724595500786901 /* Sources */,
				A60CDEDE2724595500786901 /* Frameworks */,
				A60CDEDF2724595500786901 /* Resources */,
			);
			buildRules = (
			);
			dependencies = (
				A60CDEE32724595500786901 /* PBXTargetDependency */,
			);
			name = AmbulanceAppTests;
			productName = AmbulanceAppTests;
			productReference = A60CDEE12724595500786901 /* AmbulanceAppTests.xctest */;
			productType = "com.apple.product-type.bundle.unit-test";
		};
		A60CDEEA2724595500786901 /* AmbulanceAppUITests */ = {
			isa = PBXNativeTarget;
			buildConfigurationList = A60CDEFB2724595500786901 /* Build configuration list for PBXNativeTarget "AmbulanceAppUITests" */;
			buildPhases = (
				A60CDEE72724595500786901 /* Sources */,
				A60CDEE82724595500786901 /* Frameworks */,
				A60CDEE92724595500786901 /* Resources */,
			);
			buildRules = (
			);
			dependencies = (
				A60CDEED2724595500786901 /* PBXTargetDependency */,
			);
			name = AmbulanceAppUITests;
			productName = AmbulanceAppUITests;
			productReference = A60CDEEB2724595500786901 /* AmbulanceAppUITests.xctest */;
			productType = "com.apple.product-type.bundle.ui-testing";
		};
/* End PBXNativeTarget section */

/* Begin PBXProject section */
		A60CDEC92724595300786901 /* Project object */ = {
			isa = PBXProject;
			attributes = {
				BuildIndependentTargetsInParallel = 1;
				LastSwiftUpdateCheck = 1300;
				LastUpgradeCheck = 1300;
				TargetAttributes = {
					A60CDED02724595300786901 = {
						CreatedOnToolsVersion = 13.0;
					};
					A60CDEE02724595500786901 = {
						CreatedOnToolsVersion = 13.0;
						TestTargetID = A60CDED02724595300786901;
					};
					A60CDEEA2724595500786901 = {
						CreatedOnToolsVersion = 13.0;
						TestTargetID = A60CDED02724595300786901;
					};
				};
			};
			buildConfigurationList = A60CDECC2724595300786901 /* Build configuration list for PBXProject "AmbulanceApp" */;
			compatibilityVersion = "Xcode 13.0";
			developmentRegion = en;
			hasScannedForEncodings = 0;
			knownRegions = (
				en,
				Base,
			);
			mainGroup = A60CDEC82724595300786901;
			productRefGroup = A60CDED22724595300786901 /* Products */;
			projectDirPath = "";
			projectRoot = "";
			targets = (
				A60CDED02724595300786901 /* AmbulanceApp */,
				A60CDEE02724595500786901 /* AmbulanceAppTests */,
				A60CDEEA2724595500786901 /* AmbulanceAppUITests */,
			);
		};
/* End PBXProject section */

/* Begin PBXResourcesBuildPhase section */
		A60CDECF2724595300786901 /* Resources */ = {
			isa = PBXResourcesBuildPhase;
			buildActionMask = 2147483647;
			files = (
				A60CDEDC2724595400786901 /* Preview Assets.xcassets in Resources */,
				A60CDED92724595400786901 /* Assets.xcassets in Resources */,
			);
			runOnlyForDeploymentPostprocessing = 0;
		};
		A60CDEDF2724595500786901 /* Resources */ = {
			isa = PBXResourcesBuildPhase;
			buildActionMask = 2147483647;
			files = (
			);
			runOnlyForDeploymentPostprocessing = 0;
		};
		A60CDEE92724595500786901 /* Resources */ = {
			isa = PBXResourcesBuildPhase;
			buildActionMask = 2147483647;
			files = (
			);
			runOnlyForDeploymentPostprocessing = 0;
		};
/* End PBXResourcesBuildPhase section */

/* Begin PBXSourcesBuildPhase section */
		A60CDECD2724595300786901 /* Sources */ = {
			isa = PBXSourcesBuildPhase;
			buildActionMask = 2147483647;
			files = (
				A60CDF3C272472E600786901 /* LocationManager.swift in Sources */,
				A60CDED72724595300786901 /* ContentView.swift in Sources */,
				A60CDED52724595300786901 /* AmbulanceAppApp.swift in Sources */,
				A60CDF3F27247B1D00786901 /* MKCoordinateRegion + Extensions.swift in Sources */,
			);
			runOnlyForDeploymentPostprocessing = 0;
		};
		A60CDEDD2724595500786901 /* Sources */ = {
			isa = PBXSourcesBuildPhase;
			buildActionMask = 2147483647;
			files = (
				A60CDEE62724595500786901 /* AmbulanceAppTests.swift in Sources */,
			);
			runOnlyForDeploymentPostprocessing = 0;
		};
		A60CDEE72724595500786901 /* Sources */ = {
			isa = PBXSourcesBuildPhase;
			buildActionMask = 2147483647;
			files = (
				A60CDEF02724595500786901 /* AmbulanceAppUITests.swift in Sources */,
				A60CDEF22724595500786901 /* AmbulanceAppUITestsLaunchTests.swift in Sources */,
			);
			runOnlyForDeploymentPostprocessing = 0;
		};
/* End PBXSourcesBuildPhase section */

/* Begin PBXTargetDependency section */
		A60CDEE32724595500786901 /* PBXTargetDependency */ = {
			isa = PBXTargetDependency;
			target = A60CDED02724595300786901 /* AmbulanceApp */;
			targetProxy = A60CDEE22724595500786901 /* PBXContainerItemProxy */;
		};
		A60CDEED2724595500786901 /* PBXTargetDependency */ = {
			isa = PBXTargetDependency;
			target = A60CDED02724595300786901 /* AmbulanceApp */;
			targetProxy = A60CDEEC2724595500786901 /* PBXContainerItemProxy */;
		};
/* End PBXTargetDependency section */

/* Begin XCBuildConfiguration section */
		A60CDEF32724595500786901 /* Debug */ = {
			isa = XCBuildConfiguration;
			buildSettings = {
				ALWAYS_SEARCH_USER_PATHS = NO;
				CLANG_ANALYZER_NONNULL = YES;
				CLANG_ANALYZER_NUMBER_OBJECT_CONVERSION = YES_AGGRESSIVE;
				CLANG_CXX_LANGUAGE_STANDARD = "gnu++17";
				CLANG_CXX_LIBRARY = "libc++";
				CLANG_ENABLE_MODULES = YES;
				CLANG_ENABLE_OBJC_ARC = YES;
				CLANG_ENABLE_OBJC_WEAK = YES;
				CLANG_WARN_BLOCK_CAPTURE_AUTORELEASING = YES;
				CLANG_WARN_BOOL_CONVERSION = YES;
				CLANG_WARN_COMMA = YES;
				CLANG_WARN_CONSTANT_CONVERSION = YES;
				CLANG_WARN_DEPRECATED_OBJC_IMPLEMENTATIONS = YES;
				CLANG_WARN_DIRECT_OBJC_ISA_USAGE = YES_ERROR;
				CLANG_WARN_DOCUMENTATION_COMMENTS = YES;
				CLANG_WARN_EMPTY_BODY = YES;
				CLANG_WARN_ENUM_CONVERSION = YES;
				CLANG_WARN_INFINITE_RECURSION = YES;
				CLANG_WARN_INT_CONVERSION = YES;
				CLANG_WARN_NON_LITERAL_NULL_CONVERSION = YES;
				CLANG_WARN_OBJC_IMPLICIT_RETAIN_SELF = YES;
				CLANG_WARN_OBJC_LITERAL_CONVERSION = YES;
				CLANG_WARN_OBJC_ROOT_CLASS = YES_ERROR;
				CLANG_WARN_QUOTED_INCLUDE_IN_FRAMEWORK_HEADER = YES;
				CLANG_WARN_RANGE_LOOP_ANALYSIS = YES;
				CLANG_WARN_STRICT_PROTOTYPES = YES;
				CLANG_WARN_SUSPICIOUS_MOVE = YES;
				CLANG_WARN_UNGUARDED_AVAILABILITY = YES_AGGRESSIVE;
				CLANG_WARN_UNREACHABLE_CODE = YES;
				CLANG_WARN__DUPLICATE_METHOD_MATCH = YES;
				COPY_PHASE_STRIP = NO;
				DEBUG_INFORMATION_FORMAT = dwarf;
				ENABLE_STRICT_OBJC_MSGSEND = YES;
				ENABLE_TESTABILITY = YES;
				GCC_C_LANGUAGE_STANDARD = gnu11;
				GCC_DYNAMIC_NO_PIC = NO;
				GCC_NO_COMMON_BLOCKS = YES;
				GCC_OPTIMIZATION_LEVEL = 0;
				GCC_PREPROCESSOR_DEFINITIONS = (
					"DEBUG=1",
					"$(inherited)",
				);
				GCC_WARN_64_TO_32_BIT_CONVERSION = YES;
				GCC_WARN_ABOUT_RETURN_TYPE = YES_ERROR;
				GCC_WARN_UNDECLARED_SELECTOR = YES;
				GCC_WARN_UNINITIALIZED_AUTOS = YES_AGGRESSIVE;
				GCC_WARN_UNUSED_FUNCTION = YES;
				GCC_WARN_UNUSED_VARIABLE = YES;
				IPHONEOS_DEPLOYMENT_TARGET = 15.0;
				MTL_ENABLE_DEBUG_INFO = INCLUDE_SOURCE;
				MTL_FAST_MATH = YES;
				ONLY_ACTIVE_ARCH = YES;
				SDKROOT = iphoneos;
				SWIFT_ACTIVE_COMPILATION_CONDITIONS = DEBUG;
				SWIFT_OPTIMIZATION_LEVEL = "-Onone";
			};
			name = Debug;
		};
		A60CDEF42724595500786901 /* Release */ = {
			isa = XCBuildConfiguration;
			buildSettings = {
				ALWAYS_SEARCH_USER_PATHS = NO;
				CLANG_ANALYZER_NONNULL = YES;
				CLANG_ANALYZER_NUMBER_OBJECT_CONVERSION = YES_AGGRESSIVE;
				CLANG_CXX_LANGUAGE_STANDARD = "gnu++17";
				CLANG_CXX_LIBRARY = "libc++";
				CLANG_ENABLE_MODULES = YES;
				CLANG_ENABLE_OBJC_ARC = YES;
				CLANG_ENABLE_OBJC_WEAK = YES;
				CLANG_WARN_BLOCK_CAPTURE_AUTORELEASING = YES;
				CLANG_WARN_BOOL_CONVERSION = YES;
				CLANG_WARN_COMMA = YES;
				CLANG_WARN_CONSTANT_CONVERSION = YES;
				CLANG_WARN_DEPRECATED_OBJC_IMPLEMENTATIONS = YES;
				CLANG_WARN_DIRECT_OBJC_ISA_USAGE = YES_ERROR;
				CLANG_WARN_DOCUMENTATION_COMMENTS = YES;
				CLANG_WARN_EMPTY_BODY = YES;
				CLANG_WARN_ENUM_CONVERSION = YES;
				CLANG_WARN_INFINITE_RECURSION = YES;
				CLANG_WARN_INT_CONVERSION = YES;
				CLANG_WARN_NON_LITERAL_NULL_CONVERSION = YES;
				CLANG_WARN_OBJC_IMPLICIT_RETAIN_SELF = YES;
				CLANG_WARN_OBJC_LITERAL_CONVERSION = YES;
				CLANG_WARN_OBJC_ROOT_CLASS = YES_ERROR;
				CLANG_WARN_QUOTED_INCLUDE_IN_FRAMEWORK_HEADER = YES;
				CLANG_WARN_RANGE_LOOP_ANALYSIS = YES;
				CLANG_WARN_STRICT_PROTOTYPES = YES;
				CLANG_WARN_SUSPICIOUS_MOVE = YES;
				CLANG_WARN_UNGUARDED_AVAILABILITY = YES_AGGRESSIVE;
				CLANG_WARN_UNREACHABLE_CODE = YES;
				CLANG_WARN__DUPLICATE_METHOD_MATCH = YES;
				COPY_PHASE_STRIP = NO;
				DEBUG_INFORMATION_FORMAT = "dwarf-with-dsym";
				ENABLE_NS_ASSERTIONS = NO;
				ENABLE_STRICT_OBJC_MSGSEND = YES;
				GCC_C_LANGUAGE_STANDARD = gnu11;
				GCC_NO_COMMON_BLOCKS = YES;
				GCC_WARN_64_TO_32_BIT_CONVERSION = YES;
				GCC_WARN_ABOUT_RETURN_TYPE = YES_ERROR;
				GCC_WARN_UNDECLARED_SELECTOR = YES;
				GCC_WARN_UNINITIALIZED_AUTOS = YES_AGGRESSIVE;
				GCC_WARN_UNUSED_FUNCTION = YES;
				GCC_WARN_UNUSED_VARIABLE = YES;
				IPHONEOS_DEPLOYMENT_TARGET = 15.0;
				MTL_ENABLE_DEBUG_INFO = NO;
				MTL_FAST_MATH = YES;
				SDKROOT = iphoneos;
				SWIFT_COMPILATION_MODE = wholemodule;
				SWIFT_OPTIMIZATION_LEVEL = "-O";
				VALIDATE_PRODUCT = YES;
			};
			name = Release;
		};
		A60CDEF62724595500786901 /* Debug */ = {
			isa = XCBuildConfiguration;
			buildSettings = {
				ASSETCATALOG_COMPILER_APPICON_NAME = AppIcon;
				ASSETCATALOG_COMPILER_GLOBAL_ACCENT_COLOR_NAME = AccentColor;
				CODE_SIGN_STYLE = Automatic;
				CURRENT_PROJECT_VERSION = 1;
				DEVELOPMENT_ASSET_PATHS = "\"AmbulanceApp/Preview Content\"";
				DEVELOPMENT_TEAM = B7JX3K5DT8;
				ENABLE_PREVIEWS = YES;
				GENERATE_INFOPLIST_FILE = YES;
				INFOPLIST_FILE = AmbulanceApp/Info.plist;
				INFOPLIST_KEY_NSLocationAlwaysAndWhenInUseUsageDescription = "\"hi\"";
				INFOPLIST_KEY_NSLocationAlwaysUsageDescription = "\"This app requires your location in order to function.\"";
				INFOPLIST_KEY_NSLocationWhenInUseUsageDescription = "\"This app requires your location in order to function.\"";
				INFOPLIST_KEY_UIApplicationSceneManifest_Generation = YES;
				INFOPLIST_KEY_UIApplicationSupportsIndirectInputEvents = YES;
				INFOPLIST_KEY_UILaunchScreen_Generation = YES;
				INFOPLIST_KEY_UISupportedInterfaceOrientations_iPad = "UIInterfaceOrientationPortrait UIInterfaceOrientationPortraitUpsideDown UIInterfaceOrientationLandscapeLeft UIInterfaceOrientationLandscapeRight";
				INFOPLIST_KEY_UISupportedInterfaceOrientations_iPhone = "UIInterfaceOrientationPortrait UIInterfaceOrientationLandscapeLeft UIInterfaceOrientationLandscapeRight";
				IPHONEOS_DEPLOYMENT_TARGET = 14.0;
				LD_RUNPATH_SEARCH_PATHS = (
					"$(inherited)",
					"@executable_path/Frameworks",
				);
				MARKETING_VERSION = 1.0;
				PRODUCT_BUNDLE_IDENTIFIER = aviathota.AmbulanceApp;
				PRODUCT_NAME = "$(TARGET_NAME)";
				SWIFT_EMIT_LOC_STRINGS = YES;
				SWIFT_VERSION = 5.0;
				TARGETED_DEVICE_FAMILY = "1,2";
			};
			name = Debug;
		};
		A60CDEF72724595500786901 /* Release */ = {
			isa = XCBuildConfiguration;
			buildSettings = {
				ASSETCATALOG_COMPILER_APPICON_NAME = AppIcon;
				ASSETCATALOG_COMPILER_GLOBAL_ACCENT_COLOR_NAME = AccentColor;
				CODE_SIGN_STYLE = Automatic;
				CURRENT_PROJECT_VERSION = 1;
				DEVELOPMENT_ASSET_PATHS = "\"AmbulanceApp/Preview Content\"";
				DEVELOPMENT_TEAM = B7JX3K5DT8;
				ENABLE_PREVIEWS = YES;
				GENERATE_INFOPLIST_FILE = YES;
				INFOPLIST_FILE = AmbulanceApp/Info.plist;
				INFOPLIST_KEY_NSLocationAlwaysAndWhenInUseUsageDescription = "\"hi\"";
				INFOPLIST_KEY_NSLocationAlwaysUsageDescription = "\"This app requires your location in order to function.\"";
				INFOPLIST_KEY_NSLocationWhenInUseUsageDescription = "\"This app requires your location in order to function.\"";
				INFOPLIST_KEY_UIApplicationSceneManifest_Generation = YES;
				INFOPLIST_KEY_UIApplicationSupportsIndirectInputEvents = YES;
				INFOPLIST_KEY_UILaunchScreen_Generation = YES;
				INFOPLIST_KEY_UISupportedInterfaceOrientations_iPad = "UIInterfaceOrientationPortrait UIInterfaceOrientationPortraitUpsideDown UIInterfaceOrientationLandscapeLeft UIInterfaceOrientationLandscapeRight";
				INFOPLIST_KEY_UISupportedInterfaceOrientations_iPhone = "UIInterfaceOrientationPortrait UIInterfaceOrientationLandscapeLeft UIInterfaceOrientationLandscapeRight";
				IPHONEOS_DEPLOYMENT_TARGET = 14.0;
				LD_RUNPATH_SEARCH_PATHS = (
					"$(inherited)",
					"@executable_path/Frameworks",
				);
				MARKETING_VERSION = 1.0;
				PRODUCT_BUNDLE_IDENTIFIER = aviathota.AmbulanceApp;
				PRODUCT_NAME = "$(TARGET_NAME)";
				SWIFT_EMIT_LOC_STRINGS = YES;
				SWIFT_VERSION = 5.0;
				TARGETED_DEVICE_FAMILY = "1,2";
			};
			name = Release;
		};
		A60CDEF92724595500786901 /* Debug */ = {
			isa = XCBuildConfiguration;
			buildSettings = {
				ALWAYS_EMBED_SWIFT_STANDARD_LIBRARIES = YES;
				BUNDLE_LOADER = "$(TEST_HOST)";
				CODE_SIGN_STYLE = Automatic;
				CURRENT_PROJECT_VERSION = 1;
				DEVELOPMENT_TEAM = B7JX3K5DT8;
				GENERATE_INFOPLIST_FILE = YES;
				IPHONEOS_DEPLOYMENT_TARGET = 14.0;
				LD_RUNPATH_SEARCH_PATHS = (
					"$(inherited)",
					"@executable_path/Frameworks",
					"@loader_path/Frameworks",
				);
				MARKETING_VERSION = 1.0;
				PRODUCT_BUNDLE_IDENTIFIER = aviathota.AmbulanceAppTests;
				PRODUCT_NAME = "$(TARGET_NAME)";
				SWIFT_EMIT_LOC_STRINGS = NO;
				SWIFT_VERSION = 5.0;
				TARGETED_DEVICE_FAMILY = "1,2";
				TEST_HOST = "$(BUILT_PRODUCTS_DIR)/AmbulanceApp.app/AmbulanceApp";
			};
			name = Debug;
		};
		A60CDEFA2724595500786901 /* Release */ = {
			isa = XCBuildConfiguration;
			buildSettings = {
				ALWAYS_EMBED_SWIFT_STANDARD_LIBRARIES = YES;
				BUNDLE_LOADER = "$(TEST_HOST)";
				CODE_SIGN_STYLE = Automatic;
				CURRENT_PROJECT_VERSION = 1;
				DEVELOPMENT_TEAM = B7JX3K5DT8;
				GENERATE_INFOPLIST_FILE = YES;
				IPHONEOS_DEPLOYMENT_TARGET = 14.0;
				LD_RUNPATH_SEARCH_PATHS = (
					"$(inherited)",
					"@executable_path/Frameworks",
					"@loader_path/Frameworks",
				);
				MARKETING_VERSION = 1.0;
				PRODUCT_BUNDLE_IDENTIFIER = aviathota.AmbulanceAppTests;
				PRODUCT_NAME = "$(TARGET_NAME)";
				SWIFT_EMIT_LOC_STRINGS = NO;
				SWIFT_VERSION = 5.0;
				TARGETED_DEVICE_FAMILY = "1,2";
				TEST_HOST = "$(BUILT_PRODUCTS_DIR)/AmbulanceApp.app/AmbulanceApp";
			};
			name = Release;
		};
		A60CDEFC2724595500786901 /* Debug */ = {
			isa = XCBuildConfiguration;
			buildSettings = {
				ALWAYS_EMBED_SWIFT_STANDARD_LIBRARIES = YES;
				CODE_SIGN_STYLE = Automatic;
				CURRENT_PROJECT_VERSION = 1;
				DEVELOPMENT_TEAM = B7JX3K5DT8;
				GENERATE_INFOPLIST_FILE = YES;
				LD_RUNPATH_SEARCH_PATHS = (
					"$(inherited)",
					"@executable_path/Frameworks",
					"@loader_path/Frameworks",
				);
				MARKETING_VERSION = 1.0;
				PRODUCT_BUNDLE_IDENTIFIER = aviathota.AmbulanceAppUITests;
				PRODUCT_NAME = "$(TARGET_NAME)";
				SWIFT_EMIT_LOC_STRINGS = NO;
				SWIFT_VERSION = 5.0;
				TARGETED_DEVICE_FAMILY = "1,2";
				TEST_TARGET_NAME = AmbulanceApp;
			};
			name = Debug;
		};
		A60CDEFD2724595500786901 /* Release */ = {
			isa = XCBuildConfiguration;
			buildSettings = {
				ALWAYS_EMBED_SWIFT_STANDARD_LIBRARIES = YES;
				CODE_SIGN_STYLE = Automatic;
				CURRENT_PROJECT_VERSION = 1;
				DEVELOPMENT_TEAM = B7JX3K5DT8;
				GENERATE_INFOPLIST_FILE = YES;
				LD_RUNPATH_SEARCH_PATHS = (
					"$(inherited)",
					"@executable_path/Frameworks",
					"@loader_path/Frameworks",
				);
				MARKETING_VERSION = 1.0;
				PRODUCT_BUNDLE_IDENTIFIER = aviathota.AmbulanceAppUITests;
				PRODUCT_NAME = "$(TARGET_NAME)";
				SWIFT_EMIT_LOC_STRINGS = NO;
				SWIFT_VERSION = 5.0;
				TARGETED_DEVICE_FAMILY = "1,2";
				TEST_TARGET_NAME = AmbulanceApp;
			};
			name = Release;
		};
/* End XCBuildConfiguration section */

/* Begin XCConfigurationList section */
		A60CDECC2724595300786901 /* Build configuration list for PBXProject "AmbulanceApp" */ = {
			isa = XCConfigurationList;
			buildConfigurations = (
				A60CDEF32724595500786901 /* Debug */,
				A60CDEF42724595500786901 /* Release */,
			);
			defaultConfigurationIsVisible = 0;
			defaultConfigurationName = Release;
		};
		A60CDEF52724595500786901 /* Build configuration list for PBXNativeTarget "AmbulanceApp" */ = {
			isa = XCConfigurationList;
			buildConfigurations = (
				A60CDEF62724595500786901 /* Debug */,
				A60CDEF72724595500786901 /* Release */,
			);
			defaultConfigurationIsVisible = 0;
			defaultConfigurationName = Release;
		};
		A60CDEF82724595500786901 /* Build configuration list for PBXNativeTarget "AmbulanceAppTests" */ = {
			isa = XCConfigurationList;
			buildConfigurations = (
				A60CDEF92724595500786901 /* Debug */,
				A60CDEFA2724595500786901 /* Release */,
			);
			defaultConfigurationIsVisible = 0;
			defaultConfigurationName = Release;
		};
		A60CDEFB2724595500786901 /* Build configuration list for PBXNativeTarget "AmbulanceAppUITests" */ = {
			isa = XCConfigurationList;
			buildConfigurations = (
				A60CDEFC2724595500786901 /* Debug */,
				A60CDEFD2724595500786901 /* Release */,
			);
			defaultConfigurationIsVisible = 0;
			defaultConfigurationName = Release;
		};
/* End XCConfigurationList section */
	};
	rootObject = A60CDEC92724595300786901 /* Project object */;
}
